// !$*UTF8*$!
{
	archiveVersion = 1;
	classes = {
	};
	objectVersion = 50;
	objects = {

/* Begin PBXBuildFile section */
		59592A5524E6ACC600FBE168 /* AppDelegate.swift in Sources */ = {isa = PBXBuildFile; fileRef = 59592A5424E6ACC600FBE168 /* AppDelegate.swift */; };
		59592A5724E6ACC600FBE168 /* SceneDelegate.swift in Sources */ = {isa = PBXBuildFile; fileRef = 59592A5624E6ACC600FBE168 /* SceneDelegate.swift */; };
		59592A5C24E6ACC600FBE168 /* Main.storyboard in Resources */ = {isa = PBXBuildFile; fileRef = 59592A5A24E6ACC600FBE168 /* Main.storyboard */; };
		59592A5F24E6ACC600FBE168 /* WeatherApp.xcdatamodeld in Sources */ = {isa = PBXBuildFile; fileRef = 59592A5D24E6ACC600FBE168 /* WeatherApp.xcdatamodeld */; };
		59592A6124E6ACCA00FBE168 /* Assets.xcassets in Resources */ = {isa = PBXBuildFile; fileRef = 59592A6024E6ACCA00FBE168 /* Assets.xcassets */; };
		59592A6424E6ACCA00FBE168 /* LaunchScreen.storyboard in Resources */ = {isa = PBXBuildFile; fileRef = 59592A6224E6ACCA00FBE168 /* LaunchScreen.storyboard */; };
		59592A6F24E6D30A00FBE168 /* CurrentWeatherViewController.swift in Sources */ = {isa = PBXBuildFile; fileRef = 59592A6E24E6D30A00FBE168 /* CurrentWeatherViewController.swift */; };
		59592A7124E7AD0500FBE168 /* SearchCityViewController.swift in Sources */ = {isa = PBXBuildFile; fileRef = 59592A7024E7AD0500FBE168 /* SearchCityViewController.swift */; };
		59592A7324E7AFDC00FBE168 /* SearchResponse.swift in Sources */ = {isa = PBXBuildFile; fileRef = 59592A7224E7AFDC00FBE168 /* SearchResponse.swift */; };
		59592A7724E7B25F00FBE168 /* LocationGeocoder.swift in Sources */ = {isa = PBXBuildFile; fileRef = 59592A7624E7B25F00FBE168 /* LocationGeocoder.swift */; };
		59592A7A24E7BA5100FBE168 /* SessionManager.swift in Sources */ = {isa = PBXBuildFile; fileRef = 59592A7924E7BA5100FBE168 /* SessionManager.swift */; };
		59592A7D24E7BD6C00FBE168 /* HTTPURLResponse+Extension.swift in Sources */ = {isa = PBXBuildFile; fileRef = 59592A7C24E7BD6C00FBE168 /* HTTPURLResponse+Extension.swift */; };
		59592A8224E7E84000FBE168 /* WeatherService.swift in Sources */ = {isa = PBXBuildFile; fileRef = 59592A8124E7E84000FBE168 /* WeatherService.swift */; };
		59E404D624E8176000905A55 /* Sys+CoreDataClass.swift in Sources */ = {isa = PBXBuildFile; fileRef = 59E404CA24E8176000905A55 /* Sys+CoreDataClass.swift */; };
		59E404D724E8176000905A55 /* Sys+CoreDataProperties.swift in Sources */ = {isa = PBXBuildFile; fileRef = 59E404CB24E8176000905A55 /* Sys+CoreDataProperties.swift */; };
		59E404D824E8176000905A55 /* WeatherAttributes+CoreDataClass.swift in Sources */ = {isa = PBXBuildFile; fileRef = 59E404CC24E8176000905A55 /* WeatherAttributes+CoreDataClass.swift */; };
		59E404D924E8176000905A55 /* WeatherAttributes+CoreDataProperties.swift in Sources */ = {isa = PBXBuildFile; fileRef = 59E404CD24E8176000905A55 /* WeatherAttributes+CoreDataProperties.swift */; };
		59E404DA24E8176000905A55 /* Weather+CoreDataClass.swift in Sources */ = {isa = PBXBuildFile; fileRef = 59E404CE24E8176000905A55 /* Weather+CoreDataClass.swift */; };
		59E404DB24E8176000905A55 /* Weather+CoreDataProperties.swift in Sources */ = {isa = PBXBuildFile; fileRef = 59E404CF24E8176000905A55 /* Weather+CoreDataProperties.swift */; };
		59E404DC24E8176000905A55 /* Wind+CoreDataClass.swift in Sources */ = {isa = PBXBuildFile; fileRef = 59E404D024E8176000905A55 /* Wind+CoreDataClass.swift */; };
		59E404DD24E8176000905A55 /* Wind+CoreDataProperties.swift in Sources */ = {isa = PBXBuildFile; fileRef = 59E404D124E8176000905A55 /* Wind+CoreDataProperties.swift */; };
		59E404DE24E8176000905A55 /* Main+CoreDataClass.swift in Sources */ = {isa = PBXBuildFile; fileRef = 59E404D224E8176000905A55 /* Main+CoreDataClass.swift */; };
		59E404DF24E8176000905A55 /* Main+CoreDataProperties.swift in Sources */ = {isa = PBXBuildFile; fileRef = 59E404D324E8176000905A55 /* Main+CoreDataProperties.swift */; };
		59E404E024E8176000905A55 /* Location+CoreDataClass.swift in Sources */ = {isa = PBXBuildFile; fileRef = 59E404D424E8176000905A55 /* Location+CoreDataClass.swift */; };
		59E404E124E8176000905A55 /* Location+CoreDataProperties.swift in Sources */ = {isa = PBXBuildFile; fileRef = 59E404D524E8176000905A55 /* Location+CoreDataProperties.swift */; };
		59E404E424E81A2B00905A55 /* Codable+Extensions.swift in Sources */ = {isa = PBXBuildFile; fileRef = 59E404E324E81A2B00905A55 /* Codable+Extensions.swift */; };
		59E404E724E8E55B00905A55 /* CurrentWeatherTableViewCell.swift in Sources */ = {isa = PBXBuildFile; fileRef = 59E404E524E8E55B00905A55 /* CurrentWeatherTableViewCell.swift */; };
		59E404E824E8E55B00905A55 /* CurrentWeatherTableViewCell.xib in Resources */ = {isa = PBXBuildFile; fileRef = 59E404E624E8E55B00905A55 /* CurrentWeatherTableViewCell.xib */; };
		59E404EA24E8FD2700905A55 /* Double+Extension.swift in Sources */ = {isa = PBXBuildFile; fileRef = 59E404E924E8FD2700905A55 /* Double+Extension.swift */; };
		59E404EC24E906C100905A55 /* Button+Extension.swift in Sources */ = {isa = PBXBuildFile; fileRef = 59E404EB24E906C100905A55 /* Button+Extension.swift */; };
		59E404F124E91E8900905A55 /* WeatherForecast+CoreDataClass.swift in Sources */ = {isa = PBXBuildFile; fileRef = 59E404ED24E91E8900905A55 /* WeatherForecast+CoreDataClass.swift */; };
		59E404F224E91E8900905A55 /* WeatherForecast+CoreDataProperties.swift in Sources */ = {isa = PBXBuildFile; fileRef = 59E404EE24E91E8900905A55 /* WeatherForecast+CoreDataProperties.swift */; };
		59E404F324E91E8900905A55 /* City+CoreDataClass.swift in Sources */ = {isa = PBXBuildFile; fileRef = 59E404EF24E91E8900905A55 /* City+CoreDataClass.swift */; };
		59E404F424E91E8900905A55 /* City+CoreDataProperties.swift in Sources */ = {isa = PBXBuildFile; fileRef = 59E404F024E91E8900905A55 /* City+CoreDataProperties.swift */; };
/* End PBXBuildFile section */

/* Begin PBXFileReference section */
		59592A5124E6ACC600FBE168 /* WeatherApp.app */ = {isa = PBXFileReference; explicitFileType = wrapper.application; includeInIndex = 0; path = WeatherApp.app; sourceTree = BUILT_PRODUCTS_DIR; };
		59592A5424E6ACC600FBE168 /* AppDelegate.swift */ = {isa = PBXFileReference; lastKnownFileType = sourcecode.swift; path = AppDelegate.swift; sourceTree = "<group>"; };
		59592A5624E6ACC600FBE168 /* SceneDelegate.swift */ = {isa = PBXFileReference; lastKnownFileType = sourcecode.swift; path = SceneDelegate.swift; sourceTree = "<group>"; };
		59592A5B24E6ACC600FBE168 /* Base */ = {isa = PBXFileReference; lastKnownFileType = file.storyboard; name = Base; path = Base.lproj/Main.storyboard; sourceTree = "<group>"; };
		59592A5E24E6ACC600FBE168 /* WeatherApp.xcdatamodel */ = {isa = PBXFileReference; lastKnownFileType = wrapper.xcdatamodel; path = WeatherApp.xcdatamodel; sourceTree = "<group>"; };
		59592A6024E6ACCA00FBE168 /* Assets.xcassets */ = {isa = PBXFileReference; lastKnownFileType = folder.assetcatalog; path = Assets.xcassets; sourceTree = "<group>"; };
		59592A6324E6ACCA00FBE168 /* Base */ = {isa = PBXFileReference; lastKnownFileType = file.storyboard; name = Base; path = Base.lproj/LaunchScreen.storyboard; sourceTree = "<group>"; };
		59592A6524E6ACCA00FBE168 /* Info.plist */ = {isa = PBXFileReference; lastKnownFileType = text.plist.xml; path = Info.plist; sourceTree = "<group>"; };
		59592A6E24E6D30A00FBE168 /* CurrentWeatherViewController.swift */ = {isa = PBXFileReference; lastKnownFileType = sourcecode.swift; path = CurrentWeatherViewController.swift; sourceTree = "<group>"; };
		59592A7024E7AD0500FBE168 /* SearchCityViewController.swift */ = {isa = PBXFileReference; lastKnownFileType = sourcecode.swift; path = SearchCityViewController.swift; sourceTree = "<group>"; };
		59592A7224E7AFDC00FBE168 /* SearchResponse.swift */ = {isa = PBXFileReference; lastKnownFileType = sourcecode.swift; path = SearchResponse.swift; sourceTree = "<group>"; };
		59592A7624E7B25F00FBE168 /* LocationGeocoder.swift */ = {isa = PBXFileReference; lastKnownFileType = sourcecode.swift; path = LocationGeocoder.swift; sourceTree = "<group>"; };
		59592A7924E7BA5100FBE168 /* SessionManager.swift */ = {isa = PBXFileReference; lastKnownFileType = sourcecode.swift; path = SessionManager.swift; sourceTree = "<group>"; };
		59592A7C24E7BD6C00FBE168 /* HTTPURLResponse+Extension.swift */ = {isa = PBXFileReference; lastKnownFileType = sourcecode.swift; path = "HTTPURLResponse+Extension.swift"; sourceTree = "<group>"; };
		59592A8124E7E84000FBE168 /* WeatherService.swift */ = {isa = PBXFileReference; lastKnownFileType = sourcecode.swift; path = WeatherService.swift; sourceTree = "<group>"; };
		59E404CA24E8176000905A55 /* Sys+CoreDataClass.swift */ = {isa = PBXFileReference; lastKnownFileType = sourcecode.swift; path = "Sys+CoreDataClass.swift"; sourceTree = "<group>"; };
		59E404CB24E8176000905A55 /* Sys+CoreDataProperties.swift */ = {isa = PBXFileReference; lastKnownFileType = sourcecode.swift; path = "Sys+CoreDataProperties.swift"; sourceTree = "<group>"; };
		59E404CC24E8176000905A55 /* WeatherAttributes+CoreDataClass.swift */ = {isa = PBXFileReference; lastKnownFileType = sourcecode.swift; path = "WeatherAttributes+CoreDataClass.swift"; sourceTree = "<group>"; };
		59E404CD24E8176000905A55 /* WeatherAttributes+CoreDataProperties.swift */ = {isa = PBXFileReference; lastKnownFileType = sourcecode.swift; path = "WeatherAttributes+CoreDataProperties.swift"; sourceTree = "<group>"; };
		59E404CE24E8176000905A55 /* Weather+CoreDataClass.swift */ = {isa = PBXFileReference; lastKnownFileType = sourcecode.swift; path = "Weather+CoreDataClass.swift"; sourceTree = "<group>"; };
		59E404CF24E8176000905A55 /* Weather+CoreDataProperties.swift */ = {isa = PBXFileReference; lastKnownFileType = sourcecode.swift; path = "Weather+CoreDataProperties.swift"; sourceTree = "<group>"; };
		59E404D024E8176000905A55 /* Wind+CoreDataClass.swift */ = {isa = PBXFileReference; lastKnownFileType = sourcecode.swift; path = "Wind+CoreDataClass.swift"; sourceTree = "<group>"; };
		59E404D124E8176000905A55 /* Wind+CoreDataProperties.swift */ = {isa = PBXFileReference; lastKnownFileType = sourcecode.swift; path = "Wind+CoreDataProperties.swift"; sourceTree = "<group>"; };
		59E404D224E8176000905A55 /* Main+CoreDataClass.swift */ = {isa = PBXFileReference; lastKnownFileType = sourcecode.swift; path = "Main+CoreDataClass.swift"; sourceTree = "<group>"; };
		59E404D324E8176000905A55 /* Main+CoreDataProperties.swift */ = {isa = PBXFileReference; lastKnownFileType = sourcecode.swift; path = "Main+CoreDataProperties.swift"; sourceTree = "<group>"; };
		59E404D424E8176000905A55 /* Location+CoreDataClass.swift */ = {isa = PBXFileReference; lastKnownFileType = sourcecode.swift; path = "Location+CoreDataClass.swift"; sourceTree = "<group>"; };
		59E404D524E8176000905A55 /* Location+CoreDataProperties.swift */ = {isa = PBXFileReference; lastKnownFileType = sourcecode.swift; path = "Location+CoreDataProperties.swift"; sourceTree = "<group>"; };
		59E404E324E81A2B00905A55 /* Codable+Extensions.swift */ = {isa = PBXFileReference; lastKnownFileType = sourcecode.swift; path = "Codable+Extensions.swift"; sourceTree = "<group>"; };
		59E404E524E8E55B00905A55 /* CurrentWeatherTableViewCell.swift */ = {isa = PBXFileReference; lastKnownFileType = sourcecode.swift; path = CurrentWeatherTableViewCell.swift; sourceTree = "<group>"; };
		59E404E624E8E55B00905A55 /* CurrentWeatherTableViewCell.xib */ = {isa = PBXFileReference; lastKnownFileType = file.xib; path = CurrentWeatherTableViewCell.xib; sourceTree = "<group>"; };
		59E404E924E8FD2700905A55 /* Double+Extension.swift */ = {isa = PBXFileReference; lastKnownFileType = sourcecode.swift; path = "Double+Extension.swift"; sourceTree = "<group>"; };
		59E404EB24E906C100905A55 /* Button+Extension.swift */ = {isa = PBXFileReference; lastKnownFileType = sourcecode.swift; path = "Button+Extension.swift"; sourceTree = "<group>"; };
		59E404ED24E91E8900905A55 /* WeatherForecast+CoreDataClass.swift */ = {isa = PBXFileReference; lastKnownFileType = sourcecode.swift; path = "WeatherForecast+CoreDataClass.swift"; sourceTree = "<group>"; };
		59E404EE24E91E8900905A55 /* WeatherForecast+CoreDataProperties.swift */ = {isa = PBXFileReference; lastKnownFileType = sourcecode.swift; path = "WeatherForecast+CoreDataProperties.swift"; sourceTree = "<group>"; };
		59E404EF24E91E8900905A55 /* City+CoreDataClass.swift */ = {isa = PBXFileReference; lastKnownFileType = sourcecode.swift; path = "City+CoreDataClass.swift"; sourceTree = "<group>"; };
		59E404F024E91E8900905A55 /* City+CoreDataProperties.swift */ = {isa = PBXFileReference; lastKnownFileType = sourcecode.swift; path = "City+CoreDataProperties.swift"; sourceTree = "<group>"; };
/* End PBXFileReference section */

/* Begin PBXFrameworksBuildPhase section */
		59592A4E24E6ACC600FBE168 /* Frameworks */ = {
			isa = PBXFrameworksBuildPhase;
			buildActionMask = 2147483647;
			files = (
			);
			runOnlyForDeploymentPostprocessing = 0;
		};
/* End PBXFrameworksBuildPhase section */

/* Begin PBXGroup section */
		59592A4824E6ACC600FBE168 = {
			isa = PBXGroup;
			children = (
				59592A5324E6ACC600FBE168 /* WeatherApp */,
				59592A5224E6ACC600FBE168 /* Products */,
			);
			sourceTree = "<group>";
		};
		59592A5224E6ACC600FBE168 /* Products */ = {
			isa = PBXGroup;
			children = (
				59592A5124E6ACC600FBE168 /* WeatherApp.app */,
			);
			name = Products;
			sourceTree = "<group>";
		};
		59592A5324E6ACC600FBE168 /* WeatherApp */ = {
			isa = PBXGroup;
			children = (
				59E404E224E81A0F00905A55 /* Extensions */,
				59592A7424E7B22C00FBE168 /* Network */,
				59592A6D24E6CF5A00FBE168 /* Controller */,
				59592A6C24E6CF5300FBE168 /* View */,
				59592A6B24E6CF4300FBE168 /* Model */,
				59592A5424E6ACC600FBE168 /* AppDelegate.swift */,
				59592A5624E6ACC600FBE168 /* SceneDelegate.swift */,
				59592A5A24E6ACC600FBE168 /* Main.storyboard */,
				59592A6024E6ACCA00FBE168 /* Assets.xcassets */,
				59592A6224E6ACCA00FBE168 /* LaunchScreen.storyboard */,
				59592A6524E6ACCA00FBE168 /* Info.plist */,
				59592A5D24E6ACC600FBE168 /* WeatherApp.xcdatamodeld */,
			);
			path = WeatherApp;
			sourceTree = "<group>";
		};
		59592A6B24E6CF4300FBE168 /* Model */ = {
			isa = PBXGroup;
			children = (
				59E404C924E8171E00905A55 /* Entity */,
				59592A7224E7AFDC00FBE168 /* SearchResponse.swift */,
			);
			path = Model;
			sourceTree = "<group>";
		};
		59592A6C24E6CF5300FBE168 /* View */ = {
			isa = PBXGroup;
			children = (
				59E404E524E8E55B00905A55 /* CurrentWeatherTableViewCell.swift */,
				59E404E624E8E55B00905A55 /* CurrentWeatherTableViewCell.xib */,
			);
			path = View;
			sourceTree = "<group>";
		};
		59592A6D24E6CF5A00FBE168 /* Controller */ = {
			isa = PBXGroup;
			children = (
				59592A6E24E6D30A00FBE168 /* CurrentWeatherViewController.swift */,
				59592A7024E7AD0500FBE168 /* SearchCityViewController.swift */,
			);
			path = Controller;
			sourceTree = "<group>";
		};
		59592A7424E7B22C00FBE168 /* Network */ = {
			isa = PBXGroup;
			children = (
				59592A8024E7E7E900FBE168 /* API */,
				59592A7B24E7BD2E00FBE168 /* Extension */,
				59592A7824E7B9FE00FBE168 /* Session */,
			);
			path = Network;
			sourceTree = "<group>";
		};
		59592A7524E7B24100FBE168 /* Location */ = {
			isa = PBXGroup;
			children = (
				59592A7624E7B25F00FBE168 /* LocationGeocoder.swift */,
			);
			path = Location;
			sourceTree = "<group>";
		};
		59592A7824E7B9FE00FBE168 /* Session */ = {
			isa = PBXGroup;
			children = (
				59592A7924E7BA5100FBE168 /* SessionManager.swift */,
			);
			path = Session;
			sourceTree = "<group>";
		};
		59592A7B24E7BD2E00FBE168 /* Extension */ = {
			isa = PBXGroup;
			children = (
				59592A7C24E7BD6C00FBE168 /* HTTPURLResponse+Extension.swift */,
			);
			path = Extension;
			sourceTree = "<group>";
		};
		59592A7E24E7E79D00FBE168 /* Weather */ = {
			isa = PBXGroup;
			children = (
				59592A8124E7E84000FBE168 /* WeatherService.swift */,
			);
			path = Weather;
			sourceTree = "<group>";
		};
		59592A8024E7E7E900FBE168 /* API */ = {
			isa = PBXGroup;
			children = (
				59592A7E24E7E79D00FBE168 /* Weather */,
				59592A7524E7B24100FBE168 /* Location */,
			);
			path = API;
			sourceTree = "<group>";
		};
		59E404C924E8171E00905A55 /* Entity */ = {
			isa = PBXGroup;
			children = (
				59E404ED24E91E8900905A55 /* WeatherForecast+CoreDataClass.swift */,
				59E404EE24E91E8900905A55 /* WeatherForecast+CoreDataProperties.swift */,
				59E404EF24E91E8900905A55 /* City+CoreDataClass.swift */,
				59E404F024E91E8900905A55 /* City+CoreDataProperties.swift */,
				59E404CA24E8176000905A55 /* Sys+CoreDataClass.swift */,
				59E404CB24E8176000905A55 /* Sys+CoreDataProperties.swift */,
				59E404CC24E8176000905A55 /* WeatherAttributes+CoreDataClass.swift */,
				59E404CD24E8176000905A55 /* WeatherAttributes+CoreDataProperties.swift */,
				59E404CE24E8176000905A55 /* Weather+CoreDataClass.swift */,
				59E404CF24E8176000905A55 /* Weather+CoreDataProperties.swift */,
				59E404D024E8176000905A55 /* Wind+CoreDataClass.swift */,
				59E404D124E8176000905A55 /* Wind+CoreDataProperties.swift */,
				59E404D224E8176000905A55 /* Main+CoreDataClass.swift */,
				59E404D324E8176000905A55 /* Main+CoreDataProperties.swift */,
				59E404D424E8176000905A55 /* Location+CoreDataClass.swift */,
				59E404D524E8176000905A55 /* Location+CoreDataProperties.swift */,
			);
			path = Entity;
			sourceTree = "<group>";
		};
		59E404E224E81A0F00905A55 /* Extensions */ = {
			isa = PBXGroup;
			children = (
				59E404E324E81A2B00905A55 /* Codable+Extensions.swift */,
				59E404E924E8FD2700905A55 /* Double+Extension.swift */,
				59E404EB24E906C100905A55 /* Button+Extension.swift */,
			);
			path = Extensions;
			sourceTree = "<group>";
		};
/* End PBXGroup section */

/* Begin PBXNativeTarget section */
		59592A5024E6ACC600FBE168 /* WeatherApp */ = {
			isa = PBXNativeTarget;
			buildConfigurationList = 59592A6824E6ACCA00FBE168 /* Build configuration list for PBXNativeTarget "WeatherApp" */;
			buildPhases = (
				59592A4D24E6ACC600FBE168 /* Sources */,
				59592A4E24E6ACC600FBE168 /* Frameworks */,
				59592A4F24E6ACC600FBE168 /* Resources */,
			);
			buildRules = (
			);
			dependencies = (
			);
			name = WeatherApp;
			productName = WeatherApp;
			productReference = 59592A5124E6ACC600FBE168 /* WeatherApp.app */;
			productType = "com.apple.product-type.application";
		};
/* End PBXNativeTarget section */

/* Begin PBXProject section */
		59592A4924E6ACC600FBE168 /* Project object */ = {
			isa = PBXProject;
			attributes = {
				LastSwiftUpdateCheck = 1160;
				LastUpgradeCheck = 1160;
				ORGANIZATIONNAME = "Pavitra Hegde";
				TargetAttributes = {
					59592A5024E6ACC600FBE168 = {
						CreatedOnToolsVersion = 11.6;
					};
				};
			};
			buildConfigurationList = 59592A4C24E6ACC600FBE168 /* Build configuration list for PBXProject "WeatherApp" */;
			compatibilityVersion = "Xcode 9.3";
			developmentRegion = en;
			hasScannedForEncodings = 0;
			knownRegions = (
				en,
				Base,
			);
			mainGroup = 59592A4824E6ACC600FBE168;
			productRefGroup = 59592A5224E6ACC600FBE168 /* Products */;
			projectDirPath = "";
			projectRoot = "";
			targets = (
				59592A5024E6ACC600FBE168 /* WeatherApp */,
			);
		};
/* End PBXProject section */

/* Begin PBXResourcesBuildPhase section */
		59592A4F24E6ACC600FBE168 /* Resources */ = {
			isa = PBXResourcesBuildPhase;
			buildActionMask = 2147483647;
			files = (
				59592A6424E6ACCA00FBE168 /* LaunchScreen.storyboard in Resources */,
				59592A6124E6ACCA00FBE168 /* Assets.xcassets in Resources */,
				59E404E824E8E55B00905A55 /* CurrentWeatherTableViewCell.xib in Resources */,
				59592A5C24E6ACC600FBE168 /* Main.storyboard in Resources */,
			);
			runOnlyForDeploymentPostprocessing = 0;
		};
/* End PBXResourcesBuildPhase section */

/* Begin PBXSourcesBuildPhase section */
		59592A4D24E6ACC600FBE168 /* Sources */ = {
			isa = PBXSourcesBuildPhase;
			buildActionMask = 2147483647;
			files = (
				59E404E024E8176000905A55 /* Location+CoreDataClass.swift in Sources */,
				59592A5F24E6ACC600FBE168 /* WeatherApp.xcdatamodeld in Sources */,
				59E404E124E8176000905A55 /* Location+CoreDataProperties.swift in Sources */,
				59E404DD24E8176000905A55 /* Wind+CoreDataProperties.swift in Sources */,
				59592A7D24E7BD6C00FBE168 /* HTTPURLResponse+Extension.swift in Sources */,
				59E404D824E8176000905A55 /* WeatherAttributes+CoreDataClass.swift in Sources */,
				59E404E724E8E55B00905A55 /* CurrentWeatherTableViewCell.swift in Sources */,
				59E404D624E8176000905A55 /* Sys+CoreDataClass.swift in Sources */,
				59592A7124E7AD0500FBE168 /* SearchCityViewController.swift in Sources */,
				59E404D924E8176000905A55 /* WeatherAttributes+CoreDataProperties.swift in Sources */,
				59E404F424E91E8900905A55 /* City+CoreDataProperties.swift in Sources */,
				59E404DA24E8176000905A55 /* Weather+CoreDataClass.swift in Sources */,
				59592A7324E7AFDC00FBE168 /* SearchResponse.swift in Sources */,
				59E404DE24E8176000905A55 /* Main+CoreDataClass.swift in Sources */,
				59592A6F24E6D30A00FBE168 /* CurrentWeatherViewController.swift in Sources */,
				59E404F324E91E8900905A55 /* City+CoreDataClass.swift in Sources */,
				59592A7724E7B25F00FBE168 /* LocationGeocoder.swift in Sources */,
				59E404DF24E8176000905A55 /* Main+CoreDataProperties.swift in Sources */,
				59E404DC24E8176000905A55 /* Wind+CoreDataClass.swift in Sources */,
				59592A5524E6ACC600FBE168 /* AppDelegate.swift in Sources */,
				59592A8224E7E84000FBE168 /* WeatherService.swift in Sources */,
				59E404EC24E906C100905A55 /* Button+Extension.swift in Sources */,
				59E404DB24E8176000905A55 /* Weather+CoreDataProperties.swift in Sources */,
				59E404D724E8176000905A55 /* Sys+CoreDataProperties.swift in Sources */,
				59592A7A24E7BA5100FBE168 /* SessionManager.swift in Sources */,
				59E404E424E81A2B00905A55 /* Codable+Extensions.swift in Sources */,
				59E404F124E91E8900905A55 /* WeatherForecast+CoreDataClass.swift in Sources */,
				59E404F224E91E8900905A55 /* WeatherForecast+CoreDataProperties.swift in Sources */,
				59E404EA24E8FD2700905A55 /* Double+Extension.swift in Sources */,
				59592A5724E6ACC600FBE168 /* SceneDelegate.swift in Sources */,
			);
			runOnlyForDeploymentPostprocessing = 0;
		};
/* End PBXSourcesBuildPhase section */

/* Begin PBXVariantGroup section */
		59592A5A24E6ACC600FBE168 /* Main.storyboard */ = {
			isa = PBXVariantGroup;
			children = (
				59592A5B24E6ACC600FBE168 /* Base */,
			);
			name = Main.storyboard;
			sourceTree = "<group>";
		};
		59592A6224E6ACCA00FBE168 /* LaunchScreen.storyboard */ = {
			isa = PBXVariantGroup;
			children = (
				59592A6324E6ACCA00FBE168 /* Base */,
			);
			name = LaunchScreen.storyboard;
			sourceTree = "<group>";
		};
/* End PBXVariantGroup section */

/* Begin XCBuildConfiguration section */
		59592A6624E6ACCA00FBE168 /* Debug */ = {
			isa = XCBuildConfiguration;
			buildSettings = {
				ALWAYS_SEARCH_USER_PATHS = NO;
				CLANG_ANALYZER_NONNULL = YES;
				CLANG_ANALYZER_NUMBER_OBJECT_CONVERSION = YES_AGGRESSIVE;
				CLANG_CXX_LANGUAGE_STANDARD = "gnu++14";
				CLANG_CXX_LIBRARY = "libc++";
				CLANG_ENABLE_MODULES = YES;
				CLANG_ENABLE_OBJC_ARC = YES;
				CLANG_ENABLE_OBJC_WEAK = YES;
				CLANG_WARN_BLOCK_CAPTURE_AUTORELEASING = YES;
				CLANG_WARN_BOOL_CONVERSION = YES;
				CLANG_WARN_COMMA = YES;
				CLANG_WARN_CONSTANT_CONVERSION = YES;
				CLANG_WARN_DEPRECATED_OBJC_IMPLEMENTATIONS = YES;
				CLANG_WARN_DIRECT_OBJC_ISA_USAGE = YES_ERROR;
				CLANG_WARN_DOCUMENTATION_COMMENTS = YES;
				CLANG_WARN_EMPTY_BODY = YES;
				CLANG_WARN_ENUM_CONVERSION = YES;
				CLANG_WARN_INFINITE_RECURSION = YES;
				CLANG_WARN_INT_CONVERSION = YES;
				CLANG_WARN_NON_LITERAL_NULL_CONVERSION = YES;
				CLANG_WARN_OBJC_IMPLICIT_RETAIN_SELF = YES;
				CLANG_WARN_OBJC_LITERAL_CONVERSION = YES;
				CLANG_WARN_OBJC_ROOT_CLASS = YES_ERROR;
				CLANG_WARN_RANGE_LOOP_ANALYSIS = YES;
				CLANG_WARN_STRICT_PROTOTYPES = YES;
				CLANG_WARN_SUSPICIOUS_MOVE = YES;
				CLANG_WARN_UNGUARDED_AVAILABILITY = YES_AGGRESSIVE;
				CLANG_WARN_UNREACHABLE_CODE = YES;
				CLANG_WARN__DUPLICATE_METHOD_MATCH = YES;
				COPY_PHASE_STRIP = NO;
				DEBUG_INFORMATION_FORMAT = dwarf;
				ENABLE_STRICT_OBJC_MSGSEND = YES;
				ENABLE_TESTABILITY = YES;
				GCC_C_LANGUAGE_STANDARD = gnu11;
				GCC_DYNAMIC_NO_PIC = NO;
				GCC_NO_COMMON_BLOCKS = YES;
				GCC_OPTIMIZATION_LEVEL = 0;
				GCC_PREPROCESSOR_DEFINITIONS = (
					"DEBUG=1",
					"$(inherited)",
				);
				GCC_WARN_64_TO_32_BIT_CONVERSION = YES;
				GCC_WARN_ABOUT_RETURN_TYPE = YES_ERROR;
				GCC_WARN_UNDECLARED_SELECTOR = YES;
				GCC_WARN_UNINITIALIZED_AUTOS = YES_AGGRESSIVE;
				GCC_WARN_UNUSED_FUNCTION = YES;
				GCC_WARN_UNUSED_VARIABLE = YES;
				IPHONEOS_DEPLOYMENT_TARGET = 13.6;
				MTL_ENABLE_DEBUG_INFO = INCLUDE_SOURCE;
				MTL_FAST_MATH = YES;
				ONLY_ACTIVE_ARCH = YES;
				SDKROOT = iphoneos;
				SWIFT_ACTIVE_COMPILATION_CONDITIONS = DEBUG;
				SWIFT_OPTIMIZATION_LEVEL = "-Onone";
			};
			name = Debug;
		};
		59592A6724E6ACCA00FBE168 /* Release */ = {
			isa = XCBuildConfiguration;
			buildSettings = {
				ALWAYS_SEARCH_USER_PATHS = NO;
				CLANG_ANALYZER_NONNULL = YES;
				CLANG_ANALYZER_NUMBER_OBJECT_CONVERSION = YES_AGGRESSIVE;
				CLANG_CXX_LANGUAGE_STANDARD = "gnu++14";
				CLANG_CXX_LIBRARY = "libc++";
				CLANG_ENABLE_MODULES = YES;
				CLANG_ENABLE_OBJC_ARC = YES;
				CLANG_ENABLE_OBJC_WEAK = YES;
				CLANG_WARN_BLOCK_CAPTURE_AUTORELEASING = YES;
				CLANG_WARN_BOOL_CONVERSION = YES;
				CLANG_WARN_COMMA = YES;
				CLANG_WARN_CONSTANT_CONVERSION = YES;
				CLANG_WARN_DEPRECATED_OBJC_IMPLEMENTATIONS = YES;
				CLANG_WARN_DIRECT_OBJC_ISA_USAGE = YES_ERROR;
				CLANG_WARN_DOCUMENTATION_COMMENTS = YES;
				CLANG_WARN_EMPTY_BODY = YES;
				CLANG_WARN_ENUM_CONVERSION = YES;
				CLANG_WARN_INFINITE_RECURSION = YES;
				CLANG_WARN_INT_CONVERSION = YES;
				CLANG_WARN_NON_LITERAL_NULL_CONVERSION = YES;
				CLANG_WARN_OBJC_IMPLICIT_RETAIN_SELF = YES;
				CLANG_WARN_OBJC_LITERAL_CONVERSION = YES;
				CLANG_WARN_OBJC_ROOT_CLASS = YES_ERROR;
				CLANG_WARN_RANGE_LOOP_ANALYSIS = YES;
				CLANG_WARN_STRICT_PROTOTYPES = YES;
				CLANG_WARN_SUSPICIOUS_MOVE = YES;
				CLANG_WARN_UNGUARDED_AVAILABILITY = YES_AGGRESSIVE;
				CLANG_WARN_UNREACHABLE_CODE = YES;
				CLANG_WARN__DUPLICATE_METHOD_MATCH = YES;
				COPY_PHASE_STRIP = NO;
				DEBUG_INFORMATION_FORMAT = "dwarf-with-dsym";
				ENABLE_NS_ASSERTIONS = NO;
				ENABLE_STRICT_OBJC_MSGSEND = YES;
				GCC_C_LANGUAGE_STANDARD = gnu11;
				GCC_NO_COMMON_BLOCKS = YES;
				GCC_WARN_64_TO_32_BIT_CONVERSION = YES;
				GCC_WARN_ABOUT_RETURN_TYPE = YES_ERROR;
				GCC_WARN_UNDECLARED_SELECTOR = YES;
				GCC_WARN_UNINITIALIZED_AUTOS = YES_AGGRESSIVE;
				GCC_WARN_UNUSED_FUNCTION = YES;
				GCC_WARN_UNUSED_VARIABLE = YES;
				IPHONEOS_DEPLOYMENT_TARGET = 13.6;
				MTL_ENABLE_DEBUG_INFO = NO;
				MTL_FAST_MATH = YES;
				SDKROOT = iphoneos;
				SWIFT_COMPILATION_MODE = wholemodule;
				SWIFT_OPTIMIZATION_LEVEL = "-O";
				VALIDATE_PRODUCT = YES;
			};
			name = Release;
		};
		59592A6924E6ACCA00FBE168 /* Debug */ = {
			isa = XCBuildConfiguration;
			buildSettings = {
				ASSETCATALOG_COMPILER_APPICON_NAME = AppIcon;
				CODE_SIGN_STYLE = Automatic;
				INFOPLIST_FILE = WeatherApp/Info.plist;
				LD_RUNPATH_SEARCH_PATHS = (
					"$(inherited)",
					"@executable_path/Frameworks",
				);
				PRODUCT_BUNDLE_IDENTIFIER = com.pavitra.WeatherApp;
				PRODUCT_NAME = "$(TARGET_NAME)";
				SWIFT_VERSION = 5.0;
				TARGETED_DEVICE_FAMILY = "1,2";
			};
			name = Debug;
		};
		59592A6A24E6ACCA00FBE168 /* Release */ = {
			isa = XCBuildConfiguration;
			buildSettings = {
				ASSETCATALOG_COMPILER_APPICON_NAME = AppIcon;
				CODE_SIGN_STYLE = Automatic;
				INFOPLIST_FILE = WeatherApp/Info.plist;
				LD_RUNPATH_SEARCH_PATHS = (
					"$(inherited)",
					"@executable_path/Frameworks",
				);
				PRODUCT_BUNDLE_IDENTIFIER = com.pavitra.WeatherApp;
				PRODUCT_NAME = "$(TARGET_NAME)";
				SWIFT_VERSION = 5.0;
				TARGETED_DEVICE_FAMILY = "1,2";
			};
			name = Release;
		};
/* End XCBuildConfiguration section */

/* Begin XCConfigurationList section */
		59592A4C24E6ACC600FBE168 /* Build configuration list for PBXProject "WeatherApp" */ = {
			isa = XCConfigurationList;
			buildConfigurations = (
				59592A6624E6ACCA00FBE168 /* Debug */,
				59592A6724E6ACCA00FBE168 /* Release */,
			);
			defaultConfigurationIsVisible = 0;
			defaultConfigurationName = Release;
		};
		59592A6824E6ACCA00FBE168 /* Build configuration list for PBXNativeTarget "WeatherApp" */ = {
			isa = XCConfigurationList;
			buildConfigurations = (
				59592A6924E6ACCA00FBE168 /* Debug */,
				59592A6A24E6ACCA00FBE168 /* Release */,
			);
			defaultConfigurationIsVisible = 0;
			defaultConfigurationName = Release;
		};
/* End XCConfigurationList section */

/* Begin XCVersionGroup section */
		59592A5D24E6ACC600FBE168 /* WeatherApp.xcdatamodeld */ = {
			isa = XCVersionGroup;
			children = (
				59592A5E24E6ACC600FBE168 /* WeatherApp.xcdatamodel */,
			);
			currentVersion = 59592A5E24E6ACC600FBE168 /* WeatherApp.xcdatamodel */;
			path = WeatherApp.xcdatamodeld;
			sourceTree = "<group>";
			versionGroupType = wrapper.xcdatamodel;
		};
/* End XCVersionGroup section */
	};
	rootObject = 59592A4924E6ACC600FBE168 /* Project object */;
}
